
Microsoft Visual Studio Solution File, Format Version 12.00
# Visual Studio Version 16
VisualStudioVersion = 16.0.28803.156
MinimumVisualStudioVersion = 10.0.40219.1
Project("{8BC9CEB8-8B4A-11D0-8D11-00A0C91BC942}") = "GeometryRelationship", "GeometryRelationship\GeometryRelationship.vcxproj", "{24AA069E-4B60-41D5-9AA4-59F6A57EB847}"
EndProject
Global
	GlobalSection(SolutionConfigurationPlatforms) = preSolution
		Debug|x64 = Debug|x64
		Debug|x86 = Debug|x86
		Release|x64 = Release|x64
		Release|x86 = Release|x86
	EndGlobalSection
	GlobalSection(ProjectConfigurationPlatforms) = postSolution
		{24AA069E-4B60-41D5-9AA4-59F6A57EB847}.Debug|x64.ActiveCfg = Debug|x64
		{24AA069E-4B60-41D5-9AA4-59F6A57EB847}.Debug|x64.Build.0 = Debug|x64
		{24AA069E-4B60-41D5-9AA4-59F6A57EB847}.Debug|x86.ActiveCfg = Debug|Win32
		{24AA069E-4B60-41D5-9AA4-59F6A57EB847}.Debug|x86.Build.0 = Debug|Win32
		{24AA069E-4B60-41D5-9AA4-59F6A57EB847}.Release|x64.ActiveCfg = Release|x64
		{24AA069E-4B60-41D5-9AA4-59F6A57EB847}.Release|x64.Build.0 = Release|x64
		{24AA069E-4B60-41D5-9AA4-59F6A57EB847}.Release|x86.ActiveCfg = Release|Win32
		{24AA069E-4B60-41D5-9AA4-59F6A57EB847}.Release|x86.Build.0 = Release|Win32
	EndGlobalSection
	GlobalSection(SolutionProperties) = preSolution
		HideSolutionNode = FALSE
	EndGlobalSection
	GlobalSection(ExtensibilityGlobals) = postSolution
		SolutionGuid = {F8EFC3B6-C3D5-48F1-91FA-1FFD73BA0D4B}
	EndGlobalSection
EndGlobal
